// !$*UTF8*$!
{
	archiveVersion = 1;
	classes = {
	};
	objectVersion = 46;
	objects = {

/* Begin PBXBuildFile section */
		2C4B910F7FFAC8132F5280BB /* Pods_SwiftCloudantTests.framework in Frameworks */ = {isa = PBXBuildFile; fileRef = 7F96FB133EC7F68F6BF31CC3 /* Pods_SwiftCloudantTests.framework */; };
		2E79FE9C1CDA2BF500AD20E2 /* QueryViewOperation.swift in Sources */ = {isa = PBXBuildFile; fileRef = 2E79FE9B1CDA2BF500AD20E2 /* QueryViewOperation.swift */; };
		2E79FE9E1CDA2C0900AD20E2 /* QueryViewTests.swift in Sources */ = {isa = PBXBuildFile; fileRef = 2E79FE9D1CDA2C0900AD20E2 /* QueryViewTests.swift */; };
		980A04941CEC56B000F5F049 /* DeleteQueryIndexTests.swift in Sources */ = {isa = PBXBuildFile; fileRef = 980A04931CEC56B000F5F049 /* DeleteQueryIndexTests.swift */; };
		9855CF6F1CC6458F00ED28DA /* RequestBuilder.swift in Sources */ = {isa = PBXBuildFile; fileRef = 9855CF6B1CC6458F00ED28DA /* RequestBuilder.swift */; };
		9855CF701CC6458F00ED28DA /* RequestExecutor.swift in Sources */ = {isa = PBXBuildFile; fileRef = 9855CF6C1CC6458F00ED28DA /* RequestExecutor.swift */; };
		9855CF711CC6458F00ED28DA /* SessionCookieInterceptor.swift in Sources */ = {isa = PBXBuildFile; fileRef = 9855CF6D1CC6458F00ED28DA /* SessionCookieInterceptor.swift */; };
		9855CF721CC6458F00ED28DA /* URLSession.swift in Sources */ = {isa = PBXBuildFile; fileRef = 9855CF6E1CC6458F00ED28DA /* URLSession.swift */; };
		9855CF7A1CC6459E00ED28DA /* CouchDatabaseOperation.swift in Sources */ = {isa = PBXBuildFile; fileRef = 9855CF731CC6459E00ED28DA /* CouchDatabaseOperation.swift */; };
		9855CF7B1CC6459E00ED28DA /* CouchOperation.swift in Sources */ = {isa = PBXBuildFile; fileRef = 9855CF741CC6459E00ED28DA /* CouchOperation.swift */; };
		9855CF7C1CC6459E00ED28DA /* CreateDatabaseOperation.swift in Sources */ = {isa = PBXBuildFile; fileRef = 9855CF751CC6459E00ED28DA /* CreateDatabaseOperation.swift */; };
		9855CF7D1CC6459E00ED28DA /* DeleteDatabaseOperation.swift in Sources */ = {isa = PBXBuildFile; fileRef = 9855CF761CC6459E00ED28DA /* DeleteDatabaseOperation.swift */; };
		9855CF7E1CC6459E00ED28DA /* DeleteDocumentOperation.swift in Sources */ = {isa = PBXBuildFile; fileRef = 9855CF771CC6459E00ED28DA /* DeleteDocumentOperation.swift */; };
		9855CF7F1CC6459E00ED28DA /* GetDocumentOperation.swift in Sources */ = {isa = PBXBuildFile; fileRef = 9855CF781CC6459E00ED28DA /* GetDocumentOperation.swift */; };
		9855CF801CC6459E00ED28DA /* PutDocumentOperation.swift in Sources */ = {isa = PBXBuildFile; fileRef = 9855CF791CC6459E00ED28DA /* PutDocumentOperation.swift */; };
		9855CF821CC7C5D100ED28DA /* FindDocumentsOperation.swift in Sources */ = {isa = PBXBuildFile; fileRef = 9855CF811CC7C5D100ED28DA /* FindDocumentsOperation.swift */; };
		9855CF841CC7E3DB00ED28DA /* FindDocumentOperationTests.swift in Sources */ = {isa = PBXBuildFile; fileRef = 9855CF831CC7E3DB00ED28DA /* FindDocumentOperationTests.swift */; };
		9855CF861CC8CE5F00ED28DA /* TestHelpers.swift in Sources */ = {isa = PBXBuildFile; fileRef = 9855CF851CC8CE5F00ED28DA /* TestHelpers.swift */; };
		98593EE41CE373CA008F365F /* PutAttachmentOperation.swift in Sources */ = {isa = PBXBuildFile; fileRef = 98593EE31CE373CA008F365F /* PutAttachmentOperation.swift */; };
		98593EE61CE378A7008F365F /* PutAttachmentTests.swift in Sources */ = {isa = PBXBuildFile; fileRef = 98593EE51CE378A7008F365F /* PutAttachmentTests.swift */; };
		98734A211C88FDB200E79C5B /* SwiftCloudant.framework in Frameworks */ = {isa = PBXBuildFile; fileRef = 98734A171C88FDB200E79C5B /* SwiftCloudant.framework */; };
		98734A4F1C8A600600E79C5B /* CouchClient.swift in Sources */ = {isa = PBXBuildFile; fileRef = 98734A401C8A600600E79C5B /* CouchClient.swift */; };
		98734A501C8A600600E79C5B /* Database.swift in Sources */ = {isa = PBXBuildFile; fileRef = 98734A411C8A600600E79C5B /* Database.swift */; };
		98734A5B1C8A600600E79C5B /* SwiftCloudant.h in Headers */ = {isa = PBXBuildFile; fileRef = 98734A4E1C8A600600E79C5B /* SwiftCloudant.h */; settings = {ATTRIBUTES = (Public, ); }; };
		98734A611C8A601400E79C5B /* CreateDatabaseTests.swift in Sources */ = {isa = PBXBuildFile; fileRef = 98734A5D1C8A601400E79C5B /* CreateDatabaseTests.swift */; };
		98734A621C8A601400E79C5B /* GetDocumentTests.swift in Sources */ = {isa = PBXBuildFile; fileRef = 98734A5E1C8A601400E79C5B /* GetDocumentTests.swift */; };
		98734A641C8A601400E79C5B /* SwiftCloudantTests.swift in Sources */ = {isa = PBXBuildFile; fileRef = 98734A601C8A601400E79C5B /* SwiftCloudantTests.swift */; };
		988A746D1CECC25A00242C24 /* CreateQueryIndexOperation.swift in Sources */ = {isa = PBXBuildFile; fileRef = 988A746C1CECC25A00242C24 /* CreateQueryIndexOperation.swift */; };
		988A746F1CECC26B00242C24 /* CreateQueryIndexTests.swift in Sources */ = {isa = PBXBuildFile; fileRef = 988A746E1CECC26B00242C24 /* CreateQueryIndexTests.swift */; };
		98B4F2CE1CA759130076C5E4 /* PutDocumentTests.swift in Sources */ = {isa = PBXBuildFile; fileRef = 98B4F2CD1CA759130076C5E4 /* PutDocumentTests.swift */; };
		98C175ED1CEC5DF800A9CF2F /* DeleteQueryIndexOperation.swift in Sources */ = {isa = PBXBuildFile; fileRef = 98C175EC1CEC5DF800A9CF2F /* DeleteQueryIndexOperation.swift */; };
		98D129601CF3095E00CF7219 /* GetAllDatabasesTests.swift in Sources */ = {isa = PBXBuildFile; fileRef = 98D1295F1CF3095E00CF7219 /* GetAllDatabasesTests.swift */; };
		98D129661CF3318800CF7219 /* GetAllDatabasesOperation.swift in Sources */ = {isa = PBXBuildFile; fileRef = 98D129651CF3318800CF7219 /* GetAllDatabasesOperation.swift */; };
		98E5431C1C9CCD0500F02E06 /* InterceptorTests.swift in Sources */ = {isa = PBXBuildFile; fileRef = 98E5431B1C9CCD0500F02E06 /* InterceptorTests.swift */; };
		98EC4AE81CC1533800704CFE /* DeleteDocumentTests.swift in Sources */ = {isa = PBXBuildFile; fileRef = 98EC4AE61CC1531200704CFE /* DeleteDocumentTests.swift */; };
		98FAABBE1CD89F7D0087FF57 /* TestSettings.plist in Resources */ = {isa = PBXBuildFile; fileRef = 98FAABBD1CD89F7D0087FF57 /* TestSettings.plist */; };
/* End PBXBuildFile section */

/* Begin PBXContainerItemProxy section */
		98734A221C88FDB200E79C5B /* PBXContainerItemProxy */ = {
			isa = PBXContainerItemProxy;
			containerPortal = 279E8D1F1B7F905A001100D4 /* Project object */;
			proxyType = 1;
			remoteGlobalIDString = 98734A161C88FDB200E79C5B;
			remoteInfo = SwiftCloudant;
		};
/* End PBXContainerItemProxy section */

/* Begin PBXFileReference section */
		05340EE0F16E4C566C32FD41 /* Pods-SwiftCloudantTests.release.xcconfig */ = {isa = PBXFileReference; includeInIndex = 1; lastKnownFileType = text.xcconfig; name = "Pods-SwiftCloudantTests.release.xcconfig"; path = "Pods/Target Support Files/Pods-SwiftCloudantTests/Pods-SwiftCloudantTests.release.xcconfig"; sourceTree = "<group>"; };
		2E79FE9B1CDA2BF500AD20E2 /* QueryViewOperation.swift */ = {isa = PBXFileReference; fileEncoding = 4; lastKnownFileType = sourcecode.swift; name = QueryViewOperation.swift; path = Source/QueryViewOperation.swift; sourceTree = SOURCE_ROOT; };
		2E79FE9D1CDA2C0900AD20E2 /* QueryViewTests.swift */ = {isa = PBXFileReference; fileEncoding = 4; lastKnownFileType = sourcecode.swift; path = QueryViewTests.swift; sourceTree = "<group>"; };
		7F96FB133EC7F68F6BF31CC3 /* Pods_SwiftCloudantTests.framework */ = {isa = PBXFileReference; explicitFileType = wrapper.framework; includeInIndex = 0; path = Pods_SwiftCloudantTests.framework; sourceTree = BUILT_PRODUCTS_DIR; };
		980A04931CEC56B000F5F049 /* DeleteQueryIndexTests.swift */ = {isa = PBXFileReference; fileEncoding = 4; lastKnownFileType = sourcecode.swift; path = DeleteQueryIndexTests.swift; sourceTree = "<group>"; };
		9855CF6B1CC6458F00ED28DA /* RequestBuilder.swift */ = {isa = PBXFileReference; fileEncoding = 4; lastKnownFileType = sourcecode.swift; name = RequestBuilder.swift; path = Source/RequestBuilder.swift; sourceTree = SOURCE_ROOT; };
		9855CF6C1CC6458F00ED28DA /* RequestExecutor.swift */ = {isa = PBXFileReference; fileEncoding = 4; lastKnownFileType = sourcecode.swift; name = RequestExecutor.swift; path = Source/RequestExecutor.swift; sourceTree = SOURCE_ROOT; };
		9855CF6D1CC6458F00ED28DA /* SessionCookieInterceptor.swift */ = {isa = PBXFileReference; fileEncoding = 4; lastKnownFileType = sourcecode.swift; name = SessionCookieInterceptor.swift; path = Source/SessionCookieInterceptor.swift; sourceTree = SOURCE_ROOT; };
		9855CF6E1CC6458F00ED28DA /* URLSession.swift */ = {isa = PBXFileReference; fileEncoding = 4; lastKnownFileType = sourcecode.swift; name = URLSession.swift; path = Source/URLSession.swift; sourceTree = SOURCE_ROOT; };
		9855CF731CC6459E00ED28DA /* CouchDatabaseOperation.swift */ = {isa = PBXFileReference; fileEncoding = 4; lastKnownFileType = sourcecode.swift; name = CouchDatabaseOperation.swift; path = Source/CouchDatabaseOperation.swift; sourceTree = SOURCE_ROOT; };
		9855CF741CC6459E00ED28DA /* CouchOperation.swift */ = {isa = PBXFileReference; fileEncoding = 4; lastKnownFileType = sourcecode.swift; name = CouchOperation.swift; path = Source/CouchOperation.swift; sourceTree = SOURCE_ROOT; };
		9855CF751CC6459E00ED28DA /* CreateDatabaseOperation.swift */ = {isa = PBXFileReference; fileEncoding = 4; lastKnownFileType = sourcecode.swift; name = CreateDatabaseOperation.swift; path = Source/CreateDatabaseOperation.swift; sourceTree = SOURCE_ROOT; };
		9855CF761CC6459E00ED28DA /* DeleteDatabaseOperation.swift */ = {isa = PBXFileReference; fileEncoding = 4; lastKnownFileType = sourcecode.swift; name = DeleteDatabaseOperation.swift; path = Source/DeleteDatabaseOperation.swift; sourceTree = SOURCE_ROOT; };
		9855CF771CC6459E00ED28DA /* DeleteDocumentOperation.swift */ = {isa = PBXFileReference; fileEncoding = 4; lastKnownFileType = sourcecode.swift; name = DeleteDocumentOperation.swift; path = Source/DeleteDocumentOperation.swift; sourceTree = SOURCE_ROOT; };
		9855CF781CC6459E00ED28DA /* GetDocumentOperation.swift */ = {isa = PBXFileReference; fileEncoding = 4; lastKnownFileType = sourcecode.swift; name = GetDocumentOperation.swift; path = Source/GetDocumentOperation.swift; sourceTree = SOURCE_ROOT; };
		9855CF791CC6459E00ED28DA /* PutDocumentOperation.swift */ = {isa = PBXFileReference; fileEncoding = 4; lastKnownFileType = sourcecode.swift; name = PutDocumentOperation.swift; path = Source/PutDocumentOperation.swift; sourceTree = SOURCE_ROOT; };
		9855CF811CC7C5D100ED28DA /* FindDocumentsOperation.swift */ = {isa = PBXFileReference; fileEncoding = 4; lastKnownFileType = sourcecode.swift; name = FindDocumentsOperation.swift; path = Source/FindDocumentsOperation.swift; sourceTree = SOURCE_ROOT; };
		9855CF831CC7E3DB00ED28DA /* FindDocumentOperationTests.swift */ = {isa = PBXFileReference; fileEncoding = 4; lastKnownFileType = sourcecode.swift; path = FindDocumentOperationTests.swift; sourceTree = "<group>"; };
		9855CF851CC8CE5F00ED28DA /* TestHelpers.swift */ = {isa = PBXFileReference; fileEncoding = 4; lastKnownFileType = sourcecode.swift; path = TestHelpers.swift; sourceTree = "<group>"; };
		98593EE31CE373CA008F365F /* PutAttachmentOperation.swift */ = {isa = PBXFileReference; fileEncoding = 4; lastKnownFileType = sourcecode.swift; name = PutAttachmentOperation.swift; path = Source/PutAttachmentOperation.swift; sourceTree = SOURCE_ROOT; };
		98593EE51CE378A7008F365F /* PutAttachmentTests.swift */ = {isa = PBXFileReference; fileEncoding = 4; lastKnownFileType = sourcecode.swift; path = PutAttachmentTests.swift; sourceTree = "<group>"; };
		98734A171C88FDB200E79C5B /* SwiftCloudant.framework */ = {isa = PBXFileReference; explicitFileType = wrapper.framework; includeInIndex = 0; path = SwiftCloudant.framework; sourceTree = BUILT_PRODUCTS_DIR; };
		98734A201C88FDB200E79C5B /* SwiftCloudantTests.xctest */ = {isa = PBXFileReference; explicitFileType = wrapper.cfbundle; includeInIndex = 0; path = SwiftCloudantTests.xctest; sourceTree = BUILT_PRODUCTS_DIR; };
		98734A401C8A600600E79C5B /* CouchClient.swift */ = {isa = PBXFileReference; fileEncoding = 4; lastKnownFileType = sourcecode.swift; path = CouchClient.swift; sourceTree = "<group>"; };
		98734A411C8A600600E79C5B /* Database.swift */ = {isa = PBXFileReference; fileEncoding = 4; lastKnownFileType = sourcecode.swift; path = Database.swift; sourceTree = "<group>"; };
		98734A471C8A600600E79C5B /* Info.plist */ = {isa = PBXFileReference; fileEncoding = 4; lastKnownFileType = text.plist.xml; path = Info.plist; sourceTree = "<group>"; };
		98734A4E1C8A600600E79C5B /* SwiftCloudant.h */ = {isa = PBXFileReference; fileEncoding = 4; lastKnownFileType = sourcecode.c.h; path = SwiftCloudant.h; sourceTree = "<group>"; };
		98734A5D1C8A601400E79C5B /* CreateDatabaseTests.swift */ = {isa = PBXFileReference; fileEncoding = 4; lastKnownFileType = sourcecode.swift; path = CreateDatabaseTests.swift; sourceTree = "<group>"; };
		98734A5E1C8A601400E79C5B /* GetDocumentTests.swift */ = {isa = PBXFileReference; fileEncoding = 4; lastKnownFileType = sourcecode.swift; path = GetDocumentTests.swift; sourceTree = "<group>"; };
		98734A5F1C8A601400E79C5B /* Info.plist */ = {isa = PBXFileReference; fileEncoding = 4; lastKnownFileType = text.plist.xml; path = Info.plist; sourceTree = "<group>"; };
		98734A601C8A601400E79C5B /* SwiftCloudantTests.swift */ = {isa = PBXFileReference; fileEncoding = 4; lastKnownFileType = sourcecode.swift; path = SwiftCloudantTests.swift; sourceTree = "<group>"; };
		988A746C1CECC25A00242C24 /* CreateQueryIndexOperation.swift */ = {isa = PBXFileReference; fileEncoding = 4; lastKnownFileType = sourcecode.swift; name = CreateQueryIndexOperation.swift; path = Source/CreateQueryIndexOperation.swift; sourceTree = SOURCE_ROOT; };
		988A746E1CECC26B00242C24 /* CreateQueryIndexTests.swift */ = {isa = PBXFileReference; fileEncoding = 4; lastKnownFileType = sourcecode.swift; path = CreateQueryIndexTests.swift; sourceTree = "<group>"; };
		98B4F2CD1CA759130076C5E4 /* PutDocumentTests.swift */ = {isa = PBXFileReference; fileEncoding = 4; lastKnownFileType = sourcecode.swift; path = PutDocumentTests.swift; sourceTree = "<group>"; };
		98C175EC1CEC5DF800A9CF2F /* DeleteQueryIndexOperation.swift */ = {isa = PBXFileReference; fileEncoding = 4; lastKnownFileType = sourcecode.swift; name = DeleteQueryIndexOperation.swift; path = Source/DeleteQueryIndexOperation.swift; sourceTree = SOURCE_ROOT; };
		98D1295F1CF3095E00CF7219 /* GetAllDatabasesTests.swift */ = {isa = PBXFileReference; fileEncoding = 4; lastKnownFileType = sourcecode.swift; path = GetAllDatabasesTests.swift; sourceTree = "<group>"; };
		98D129651CF3318800CF7219 /* GetAllDatabasesOperation.swift */ = {isa = PBXFileReference; fileEncoding = 4; lastKnownFileType = sourcecode.swift; name = GetAllDatabasesOperation.swift; path = Source/GetAllDatabasesOperation.swift; sourceTree = SOURCE_ROOT; };
		98E5431B1C9CCD0500F02E06 /* InterceptorTests.swift */ = {isa = PBXFileReference; fileEncoding = 4; lastKnownFileType = sourcecode.swift; path = InterceptorTests.swift; sourceTree = "<group>"; };
		98EC4AE61CC1531200704CFE /* DeleteDocumentTests.swift */ = {isa = PBXFileReference; fileEncoding = 4; lastKnownFileType = sourcecode.swift; path = DeleteDocumentTests.swift; sourceTree = "<group>"; };
		98FAABBD1CD89F7D0087FF57 /* TestSettings.plist */ = {isa = PBXFileReference; fileEncoding = 4; lastKnownFileType = text.plist.xml; path = TestSettings.plist; sourceTree = "<group>"; };
		E4900CFECDD4A2C5E31DF972 /* Pods-SwiftCloudantTests.debug.xcconfig */ = {isa = PBXFileReference; includeInIndex = 1; lastKnownFileType = text.xcconfig; name = "Pods-SwiftCloudantTests.debug.xcconfig"; path = "Pods/Target Support Files/Pods-SwiftCloudantTests/Pods-SwiftCloudantTests.debug.xcconfig"; sourceTree = "<group>"; };
/* End PBXFileReference section */

/* Begin PBXFrameworksBuildPhase section */
		98734A131C88FDB200E79C5B /* Frameworks */ = {
			isa = PBXFrameworksBuildPhase;
			buildActionMask = 2147483647;
			files = (
			);
			runOnlyForDeploymentPostprocessing = 0;
		};
		98734A1D1C88FDB200E79C5B /* Frameworks */ = {
			isa = PBXFrameworksBuildPhase;
			buildActionMask = 2147483647;
			files = (
				98734A211C88FDB200E79C5B /* SwiftCloudant.framework in Frameworks */,
				2C4B910F7FFAC8132F5280BB /* Pods_SwiftCloudantTests.framework in Frameworks */,
			);
			runOnlyForDeploymentPostprocessing = 0;
		};
/* End PBXFrameworksBuildPhase section */

/* Begin PBXGroup section */
		279E8D1E1B7F905A001100D4 = {
			isa = PBXGroup;
			children = (
				98734A5C1C8A601400E79C5B /* Tests */,
				98734A3F1C8A600600E79C5B /* Source */,
				279E8D291B7F905B001100D4 /* Products */,
				EF4247381C712C1698EE077B /* Pods */,
				FC22EEA745F7A918ACC2CB5E /* Frameworks */,
			);
			sourceTree = "<group>";
		};
		279E8D291B7F905B001100D4 /* Products */ = {
			isa = PBXGroup;
			children = (
				98734A171C88FDB200E79C5B /* SwiftCloudant.framework */,
				98734A201C88FDB200E79C5B /* SwiftCloudantTests.xctest */,
			);
			name = Products;
			sourceTree = "<group>";
		};
		98734A3F1C8A600600E79C5B /* Source */ = {
			isa = PBXGroup;
			children = (
				98734A401C8A600600E79C5B /* CouchClient.swift */,
				98734A411C8A600600E79C5B /* Database.swift */,
				98734A421C8A600600E79C5B /* HTTP */,
				98734A471C8A600600E79C5B /* Info.plist */,
				98734A481C8A600600E79C5B /* Operations */,
				98734A4E1C8A600600E79C5B /* SwiftCloudant.h */,
			);
			path = Source;
			sourceTree = "<group>";
		};
		98734A421C8A600600E79C5B /* HTTP */ = {
			isa = PBXGroup;
			children = (
				9855CF6B1CC6458F00ED28DA /* RequestBuilder.swift */,
				9855CF6C1CC6458F00ED28DA /* RequestExecutor.swift */,
				9855CF6D1CC6458F00ED28DA /* SessionCookieInterceptor.swift */,
				9855CF6E1CC6458F00ED28DA /* URLSession.swift */,
			);
			path = HTTP;
			sourceTree = "<group>";
		};
		98734A481C8A600600E79C5B /* Operations */ = {
			isa = PBXGroup;
			children = (
				98D129651CF3318800CF7219 /* GetAllDatabasesOperation.swift */,
				98C175EC1CEC5DF800A9CF2F /* DeleteQueryIndexOperation.swift */,
				2E79FE9B1CDA2BF500AD20E2 /* QueryViewOperation.swift */,
				9855CF811CC7C5D100ED28DA /* FindDocumentsOperation.swift */,
				9855CF731CC6459E00ED28DA /* CouchDatabaseOperation.swift */,
				9855CF741CC6459E00ED28DA /* CouchOperation.swift */,
				9855CF751CC6459E00ED28DA /* CreateDatabaseOperation.swift */,
				9855CF761CC6459E00ED28DA /* DeleteDatabaseOperation.swift */,
				9855CF771CC6459E00ED28DA /* DeleteDocumentOperation.swift */,
				9855CF781CC6459E00ED28DA /* GetDocumentOperation.swift */,
				9855CF791CC6459E00ED28DA /* PutDocumentOperation.swift */,
				98593EE31CE373CA008F365F /* PutAttachmentOperation.swift */,
				988A746C1CECC25A00242C24 /* CreateQueryIndexOperation.swift */,
			);
			path = Operations;
			sourceTree = "<group>";
		};
		98734A5C1C8A601400E79C5B /* Tests */ = {
			isa = PBXGroup;
			children = (
				2E79FE9D1CDA2C0900AD20E2 /* QueryViewTests.swift */,
				98EC4AE61CC1531200704CFE /* DeleteDocumentTests.swift */,
				98734A5D1C8A601400E79C5B /* CreateDatabaseTests.swift */,
				98734A5E1C8A601400E79C5B /* GetDocumentTests.swift */,
				98B4F2CD1CA759130076C5E4 /* PutDocumentTests.swift */,
				98734A5F1C8A601400E79C5B /* Info.plist */,
				98734A601C8A601400E79C5B /* SwiftCloudantTests.swift */,
				98E5431B1C9CCD0500F02E06 /* InterceptorTests.swift */,
				9855CF851CC8CE5F00ED28DA /* TestHelpers.swift */,
				98FAABBD1CD89F7D0087FF57 /* TestSettings.plist */,
				9855CF831CC7E3DB00ED28DA /* FindDocumentOperationTests.swift */,
				98593EE51CE378A7008F365F /* PutAttachmentTests.swift */,
				980A04931CEC56B000F5F049 /* DeleteQueryIndexTests.swift */,
				98D1295F1CF3095E00CF7219 /* GetAllDatabasesTests.swift */,
				988A746E1CECC26B00242C24 /* CreateQueryIndexTests.swift */,
			);
			path = Tests;
			sourceTree = "<group>";
		};
		EF4247381C712C1698EE077B /* Pods */ = {
			isa = PBXGroup;
			children = (
				E4900CFECDD4A2C5E31DF972 /* Pods-SwiftCloudantTests.debug.xcconfig */,
				05340EE0F16E4C566C32FD41 /* Pods-SwiftCloudantTests.release.xcconfig */,
			);
			name = Pods;
			sourceTree = "<group>";
		};
		FC22EEA745F7A918ACC2CB5E /* Frameworks */ = {
			isa = PBXGroup;
			children = (
				7F96FB133EC7F68F6BF31CC3 /* Pods_SwiftCloudantTests.framework */,
			);
			name = Frameworks;
			sourceTree = "<group>";
		};
/* End PBXGroup section */

/* Begin PBXHeadersBuildPhase section */
		98734A141C88FDB200E79C5B /* Headers */ = {
			isa = PBXHeadersBuildPhase;
			buildActionMask = 2147483647;
			files = (
				98734A5B1C8A600600E79C5B /* SwiftCloudant.h in Headers */,
			);
			runOnlyForDeploymentPostprocessing = 0;
		};
/* End PBXHeadersBuildPhase section */

/* Begin PBXNativeTarget section */
		98734A161C88FDB200E79C5B /* SwiftCloudant */ = {
			isa = PBXNativeTarget;
			buildConfigurationList = 98734A281C88FDB200E79C5B /* Build configuration list for PBXNativeTarget "SwiftCloudant" */;
			buildPhases = (
				98734A121C88FDB200E79C5B /* Sources */,
				98734A131C88FDB200E79C5B /* Frameworks */,
				98734A141C88FDB200E79C5B /* Headers */,
				98734A151C88FDB200E79C5B /* Resources */,
			);
			buildRules = (
			);
			dependencies = (
			);
			name = SwiftCloudant;
			productName = SwiftCloudant;
			productReference = 98734A171C88FDB200E79C5B /* SwiftCloudant.framework */;
			productType = "com.apple.product-type.framework";
		};
		98734A1F1C88FDB200E79C5B /* SwiftCloudantTests */ = {
			isa = PBXNativeTarget;
			buildConfigurationList = 98734A2B1C88FDB200E79C5B /* Build configuration list for PBXNativeTarget "SwiftCloudantTests" */;
			buildPhases = (
				4A0B6C2241F0CFDD7BC82B38 /* 📦 Check Pods Manifest.lock */,
				98734A1C1C88FDB200E79C5B /* Sources */,
				98734A1D1C88FDB200E79C5B /* Frameworks */,
				98734A1E1C88FDB200E79C5B /* Resources */,
				BFB533C43D64BB62E271EB54 /* 📦 Embed Pods Frameworks */,
				4ABAE3F49C32201D946C30FF /* 📦 Copy Pods Resources */,
			);
			buildRules = (
			);
			dependencies = (
				98734A231C88FDB200E79C5B /* PBXTargetDependency */,
			);
			name = SwiftCloudantTests;
			productName = SwiftCloudantTests;
			productReference = 98734A201C88FDB200E79C5B /* SwiftCloudantTests.xctest */;
			productType = "com.apple.product-type.bundle.unit-test";
		};
/* End PBXNativeTarget section */

/* Begin PBXProject section */
		279E8D1F1B7F905A001100D4 /* Project object */ = {
			isa = PBXProject;
			attributes = {
				LastSwiftUpdateCheck = 0720;
				LastUpgradeCheck = 0700;
				ORGANIZATIONNAME = IBM;
				TargetAttributes = {
					98734A161C88FDB200E79C5B = {
						CreatedOnToolsVersion = 7.2.1;
					};
					98734A1F1C88FDB200E79C5B = {
						CreatedOnToolsVersion = 7.2.1;
						DevelopmentTeam = QRNQK67ZGE;
					};
				};
			};
			buildConfigurationList = 279E8D221B7F905B001100D4 /* Build configuration list for PBXProject "SwiftCloudant" */;
			compatibilityVersion = "Xcode 3.2";
			developmentRegion = English;
			hasScannedForEncodings = 0;
			knownRegions = (
				en,
			);
			mainGroup = 279E8D1E1B7F905A001100D4;
			productRefGroup = 279E8D291B7F905B001100D4 /* Products */;
			projectDirPath = "";
			projectRoot = "";
			targets = (
				98734A161C88FDB200E79C5B /* SwiftCloudant */,
				98734A1F1C88FDB200E79C5B /* SwiftCloudantTests */,
			);
		};
/* End PBXProject section */

/* Begin PBXResourcesBuildPhase section */
		98734A151C88FDB200E79C5B /* Resources */ = {
			isa = PBXResourcesBuildPhase;
			buildActionMask = 2147483647;
			files = (
			);
			runOnlyForDeploymentPostprocessing = 0;
		};
		98734A1E1C88FDB200E79C5B /* Resources */ = {
			isa = PBXResourcesBuildPhase;
			buildActionMask = 2147483647;
			files = (
				98FAABBE1CD89F7D0087FF57 /* TestSettings.plist in Resources */,
			);
			runOnlyForDeploymentPostprocessing = 0;
		};
/* End PBXResourcesBuildPhase section */

/* Begin PBXShellScriptBuildPhase section */
		4A0B6C2241F0CFDD7BC82B38 /* 📦 Check Pods Manifest.lock */ = {
			isa = PBXShellScriptBuildPhase;
			buildActionMask = 2147483647;
			files = (
			);
			inputPaths = (
			);
			name = "📦 Check Pods Manifest.lock";
			outputPaths = (
			);
			runOnlyForDeploymentPostprocessing = 0;
			shellPath = /bin/sh;
			shellScript = "diff \"${PODS_ROOT}/../Podfile.lock\" \"${PODS_ROOT}/Manifest.lock\" > /dev/null\nif [[ $? != 0 ]] ; then\n    cat << EOM\nerror: The sandbox is not in sync with the Podfile.lock. Run 'pod install' or update your CocoaPods installation.\nEOM\n    exit 1\nfi\n";
			showEnvVarsInLog = 0;
		};
		4ABAE3F49C32201D946C30FF /* 📦 Copy Pods Resources */ = {
			isa = PBXShellScriptBuildPhase;
			buildActionMask = 2147483647;
			files = (
			);
			inputPaths = (
			);
			name = "📦 Copy Pods Resources";
			outputPaths = (
			);
			runOnlyForDeploymentPostprocessing = 0;
			shellPath = /bin/sh;
			shellScript = "\"${SRCROOT}/Pods/Target Support Files/Pods-SwiftCloudantTests/Pods-SwiftCloudantTests-resources.sh\"\n";
			showEnvVarsInLog = 0;
		};
		BFB533C43D64BB62E271EB54 /* 📦 Embed Pods Frameworks */ = {
			isa = PBXShellScriptBuildPhase;
			buildActionMask = 2147483647;
			files = (
			);
			inputPaths = (
			);
			name = "📦 Embed Pods Frameworks";
			outputPaths = (
			);
			runOnlyForDeploymentPostprocessing = 0;
			shellPath = /bin/sh;
			shellScript = "\"${SRCROOT}/Pods/Target Support Files/Pods-SwiftCloudantTests/Pods-SwiftCloudantTests-frameworks.sh\"\n";
			showEnvVarsInLog = 0;
		};
/* End PBXShellScriptBuildPhase section */

/* Begin PBXSourcesBuildPhase section */
		98734A121C88FDB200E79C5B /* Sources */ = {
			isa = PBXSourcesBuildPhase;
			buildActionMask = 2147483647;
			files = (
				9855CF7D1CC6459E00ED28DA /* DeleteDatabaseOperation.swift in Sources */,
				98D129661CF3318800CF7219 /* GetAllDatabasesOperation.swift in Sources */,
				9855CF7F1CC6459E00ED28DA /* GetDocumentOperation.swift in Sources */,
				9855CF7C1CC6459E00ED28DA /* CreateDatabaseOperation.swift in Sources */,
				9855CF721CC6458F00ED28DA /* URLSession.swift in Sources */,
				9855CF701CC6458F00ED28DA /* RequestExecutor.swift in Sources */,
				9855CF7B1CC6459E00ED28DA /* CouchOperation.swift in Sources */,
				98593EE41CE373CA008F365F /* PutAttachmentOperation.swift in Sources */,
				9855CF711CC6458F00ED28DA /* SessionCookieInterceptor.swift in Sources */,
				2E79FE9C1CDA2BF500AD20E2 /* QueryViewOperation.swift in Sources */,
				9855CF801CC6459E00ED28DA /* PutDocumentOperation.swift in Sources */,
				9855CF7A1CC6459E00ED28DA /* CouchDatabaseOperation.swift in Sources */,
				9855CF6F1CC6458F00ED28DA /* RequestBuilder.swift in Sources */,
				988A746D1CECC25A00242C24 /* CreateQueryIndexOperation.swift in Sources */,
				98734A501C8A600600E79C5B /* Database.swift in Sources */,
				98C175ED1CEC5DF800A9CF2F /* DeleteQueryIndexOperation.swift in Sources */,
				98734A4F1C8A600600E79C5B /* CouchClient.swift in Sources */,
				9855CF7E1CC6459E00ED28DA /* DeleteDocumentOperation.swift in Sources */,
				9855CF821CC7C5D100ED28DA /* FindDocumentsOperation.swift in Sources */,
			);
			runOnlyForDeploymentPostprocessing = 0;
		};
		98734A1C1C88FDB200E79C5B /* Sources */ = {
			isa = PBXSourcesBuildPhase;
			buildActionMask = 2147483647;
			files = (
				988A746F1CECC26B00242C24 /* CreateQueryIndexTests.swift in Sources */,
				98B4F2CE1CA759130076C5E4 /* PutDocumentTests.swift in Sources */,
				98EC4AE81CC1533800704CFE /* DeleteDocumentTests.swift in Sources */,
				9855CF861CC8CE5F00ED28DA /* TestHelpers.swift in Sources */,
				2E79FE9E1CDA2C0900AD20E2 /* QueryViewTests.swift in Sources */,
				98734A611C8A601400E79C5B /* CreateDatabaseTests.swift in Sources */,
				98734A621C8A601400E79C5B /* GetDocumentTests.swift in Sources */,
				980A04941CEC56B000F5F049 /* DeleteQueryIndexTests.swift in Sources */,
				98734A641C8A601400E79C5B /* SwiftCloudantTests.swift in Sources */,
				9855CF841CC7E3DB00ED28DA /* FindDocumentOperationTests.swift in Sources */,
				98D129601CF3095E00CF7219 /* GetAllDatabasesTests.swift in Sources */,
				98593EE61CE378A7008F365F /* PutAttachmentTests.swift in Sources */,
				98E5431C1C9CCD0500F02E06 /* InterceptorTests.swift in Sources */,
			);
			runOnlyForDeploymentPostprocessing = 0;
		};
/* End PBXSourcesBuildPhase section */

/* Begin PBXTargetDependency section */
		98734A231C88FDB200E79C5B /* PBXTargetDependency */ = {
			isa = PBXTargetDependency;
			target = 98734A161C88FDB200E79C5B /* SwiftCloudant */;
			targetProxy = 98734A221C88FDB200E79C5B /* PBXContainerItemProxy */;
		};
/* End PBXTargetDependency section */

/* Begin XCBuildConfiguration section */
		279E8D3A1B7F905B001100D4 /* Debug */ = {
			isa = XCBuildConfiguration;
			buildSettings = {
				ALWAYS_SEARCH_USER_PATHS = NO;
				CLANG_CXX_LANGUAGE_STANDARD = "gnu++0x";
				CLANG_CXX_LIBRARY = "libc++";
				CLANG_ENABLE_MODULES = YES;
				CLANG_ENABLE_OBJC_ARC = YES;
				CLANG_WARN_BOOL_CONVERSION = YES;
				CLANG_WARN_CONSTANT_CONVERSION = YES;
				CLANG_WARN_DIRECT_OBJC_ISA_USAGE = YES_ERROR;
				CLANG_WARN_EMPTY_BODY = YES;
				CLANG_WARN_ENUM_CONVERSION = YES;
				CLANG_WARN_INT_CONVERSION = YES;
				CLANG_WARN_OBJC_ROOT_CLASS = YES_ERROR;
				CLANG_WARN_UNREACHABLE_CODE = YES;
				CLANG_WARN__DUPLICATE_METHOD_MATCH = YES;
				"CODE_SIGN_IDENTITY[sdk=iphoneos*]" = "iPhone Developer";
				COPY_PHASE_STRIP = NO;
				CURRENT_PROJECT_VERSION = 1;
				DEBUG_INFORMATION_FORMAT = dwarf;
				ENABLE_STRICT_OBJC_MSGSEND = YES;
				ENABLE_TESTABILITY = YES;
				GCC_C_LANGUAGE_STANDARD = gnu99;
				GCC_DYNAMIC_NO_PIC = NO;
				GCC_NO_COMMON_BLOCKS = YES;
				GCC_OPTIMIZATION_LEVEL = 0;
				GCC_PREPROCESSOR_DEFINITIONS = (
					"DEBUG=1",
					"$(inherited)",
				);
				GCC_WARN_64_TO_32_BIT_CONVERSION = YES;
				GCC_WARN_ABOUT_RETURN_TYPE = YES_ERROR;
				GCC_WARN_UNDECLARED_SELECTOR = YES;
				GCC_WARN_UNINITIALIZED_AUTOS = YES_AGGRESSIVE;
				GCC_WARN_UNUSED_FUNCTION = YES;
				GCC_WARN_UNUSED_VARIABLE = YES;
				IPHONEOS_DEPLOYMENT_TARGET = 9.0;
				MTL_ENABLE_DEBUG_INFO = YES;
				ONLY_ACTIVE_ARCH = YES;
				SDKROOT = iphoneos;
				TARGETED_DEVICE_FAMILY = "1,2";
				VERSIONING_SYSTEM = "apple-generic";
				VERSION_INFO_PREFIX = "";
			};
			name = Debug;
		};
		279E8D3B1B7F905B001100D4 /* Release */ = {
			isa = XCBuildConfiguration;
			buildSettings = {
				ALWAYS_SEARCH_USER_PATHS = NO;
				CLANG_CXX_LANGUAGE_STANDARD = "gnu++0x";
				CLANG_CXX_LIBRARY = "libc++";
				CLANG_ENABLE_MODULES = YES;
				CLANG_ENABLE_OBJC_ARC = YES;
				CLANG_WARN_BOOL_CONVERSION = YES;
				CLANG_WARN_CONSTANT_CONVERSION = YES;
				CLANG_WARN_DIRECT_OBJC_ISA_USAGE = YES_ERROR;
				CLANG_WARN_EMPTY_BODY = YES;
				CLANG_WARN_ENUM_CONVERSION = YES;
				CLANG_WARN_INT_CONVERSION = YES;
				CLANG_WARN_OBJC_ROOT_CLASS = YES_ERROR;
				CLANG_WARN_UNREACHABLE_CODE = YES;
				CLANG_WARN__DUPLICATE_METHOD_MATCH = YES;
				"CODE_SIGN_IDENTITY[sdk=iphoneos*]" = "iPhone Developer";
				COPY_PHASE_STRIP = NO;
				CURRENT_PROJECT_VERSION = 1;
				DEBUG_INFORMATION_FORMAT = "dwarf-with-dsym";
				ENABLE_NS_ASSERTIONS = NO;
				ENABLE_STRICT_OBJC_MSGSEND = YES;
				GCC_C_LANGUAGE_STANDARD = gnu99;
				GCC_NO_COMMON_BLOCKS = YES;
				GCC_WARN_64_TO_32_BIT_CONVERSION = YES;
				GCC_WARN_ABOUT_RETURN_TYPE = YES_ERROR;
				GCC_WARN_UNDECLARED_SELECTOR = YES;
				GCC_WARN_UNINITIALIZED_AUTOS = YES_AGGRESSIVE;
				GCC_WARN_UNUSED_FUNCTION = YES;
				GCC_WARN_UNUSED_VARIABLE = YES;
				IPHONEOS_DEPLOYMENT_TARGET = 9.0;
				MTL_ENABLE_DEBUG_INFO = NO;
				SDKROOT = iphoneos;
				TARGETED_DEVICE_FAMILY = "1,2";
				VALIDATE_PRODUCT = YES;
				VERSIONING_SYSTEM = "apple-generic";
				VERSION_INFO_PREFIX = "";
			};
			name = Release;
		};
		98734A291C88FDB200E79C5B /* Debug */ = {
			isa = XCBuildConfiguration;
			buildSettings = {
				CODE_SIGN_IDENTITY = "iPhone Developer";
				DEFINES_MODULE = YES;
				DYLIB_COMPATIBILITY_VERSION = 1;
				DYLIB_CURRENT_VERSION = 1;
				DYLIB_INSTALL_NAME_BASE = "@rpath";
				INFOPLIST_FILE = "$(SRCROOT)/Source/Info.plist";
				INSTALL_PATH = "$(LOCAL_LIBRARY_DIR)/Frameworks";
				IPHONEOS_DEPLOYMENT_TARGET = 9.2;
				LD_RUNPATH_SEARCH_PATHS = "$(inherited) @executable_path/Frameworks @loader_path/Frameworks";
				PRODUCT_BUNDLE_IDENTIFIER = com.cloudant.SwiftCloudant;
				PRODUCT_NAME = "$(TARGET_NAME)";
				SKIP_INSTALL = YES;
				SWIFT_OPTIMIZATION_LEVEL = "-Onone";
			};
			name = Debug;
		};
		98734A2A1C88FDB200E79C5B /* Release */ = {
			isa = XCBuildConfiguration;
			buildSettings = {
				CODE_SIGN_IDENTITY = "iPhone Developer";
				DEFINES_MODULE = YES;
				DYLIB_COMPATIBILITY_VERSION = 1;
				DYLIB_CURRENT_VERSION = 1;
				DYLIB_INSTALL_NAME_BASE = "@rpath";
				INFOPLIST_FILE = "$(SRCROOT)/Source/Info.plist";
				INSTALL_PATH = "$(LOCAL_LIBRARY_DIR)/Frameworks";
				IPHONEOS_DEPLOYMENT_TARGET = 9.2;
				LD_RUNPATH_SEARCH_PATHS = "$(inherited) @executable_path/Frameworks @loader_path/Frameworks";
				PRODUCT_BUNDLE_IDENTIFIER = com.cloudant.SwiftCloudant;
				PRODUCT_NAME = "$(TARGET_NAME)";
				SKIP_INSTALL = YES;
			};
			name = Release;
		};
		98734A2C1C88FDB200E79C5B /* Debug */ = {
			isa = XCBuildConfiguration;
			baseConfigurationReference = E4900CFECDD4A2C5E31DF972 /* Pods-SwiftCloudantTests.debug.xcconfig */;
			buildSettings = {
				INFOPLIST_FILE = Tests/Info.plist;
				IPHONEOS_DEPLOYMENT_TARGET = 9.2;
				LD_RUNPATH_SEARCH_PATHS = "$(inherited) @executable_path/Frameworks @loader_path/Frameworks";
				PRODUCT_BUNDLE_IDENTIFIER = uk.me.rhysshort.SwiftCloudantTests;
				PRODUCT_NAME = "$(TARGET_NAME)";
				SWIFT_OPTIMIZATION_LEVEL = "-Onone";
			};
			name = Debug;
		};
		98734A2D1C88FDB200E79C5B /* Release */ = {
			isa = XCBuildConfiguration;
			baseConfigurationReference = 05340EE0F16E4C566C32FD41 /* Pods-SwiftCloudantTests.release.xcconfig */;
			buildSettings = {
				INFOPLIST_FILE = Tests/Info.plist;
				IPHONEOS_DEPLOYMENT_TARGET = 9.2;
				LD_RUNPATH_SEARCH_PATHS = "$(inherited) @executable_path/Frameworks @loader_path/Frameworks";
				PRODUCT_BUNDLE_IDENTIFIER = uk.me.rhysshort.SwiftCloudantTests;
				PRODUCT_NAME = "$(TARGET_NAME)";
			};
			name = Release;
		};
/* End XCBuildConfiguration section */

/* Begin XCConfigurationList section */
		279E8D221B7F905B001100D4 /* Build configuration list for PBXProject "SwiftCloudant" */ = {
			isa = XCConfigurationList;
			buildConfigurations = (
				279E8D3A1B7F905B001100D4 /* Debug */,
				279E8D3B1B7F905B001100D4 /* Release */,
			);
			defaultConfigurationIsVisible = 0;
			defaultConfigurationName = Release;
		};
		98734A281C88FDB200E79C5B /* Build configuration list for PBXNativeTarget "SwiftCloudant" */ = {
			isa = XCConfigurationList;
			buildConfigurations = (
				98734A291C88FDB200E79C5B /* Debug */,
				98734A2A1C88FDB200E79C5B /* Release */,
			);
			defaultConfigurationIsVisible = 0;
			defaultConfigurationName = Release;
		};
		98734A2B1C88FDB200E79C5B /* Build configuration list for PBXNativeTarget "SwiftCloudantTests" */ = {
			isa = XCConfigurationList;
			buildConfigurations = (
				98734A2C1C88FDB200E79C5B /* Debug */,
				98734A2D1C88FDB200E79C5B /* Release */,
			);
			defaultConfigurationIsVisible = 0;
			defaultConfigurationName = Release;
		};
/* End XCConfigurationList section */
	};
	rootObject = 279E8D1F1B7F905A001100D4 /* Project object */;
}
