// !$*UTF8*$!
{
	archiveVersion = 1;
	classes = {
	};
	objectVersion = 46;
	objects = {

/* Begin PBXBuildFile section */
		11234CC81E7933B60EE60402 /* Pods_SwiftCloudantTests.framework in Frameworks */ = {isa = PBXBuildFile; fileRef = 71B3BA2CC1BEC198BDE3E6DF /* Pods_SwiftCloudantTests.framework */; };
		98734A211C88FDB200E79C5B /* SwiftCloudant.framework in Frameworks */ = {isa = PBXBuildFile; fileRef = 98734A171C88FDB200E79C5B /* SwiftCloudant.framework */; };
		98734A4F1C8A600600E79C5B /* CouchClient.swift in Sources */ = {isa = PBXBuildFile; fileRef = 98734A401C8A600600E79C5B /* CouchClient.swift */; };
		98734A501C8A600600E79C5B /* Database.swift in Sources */ = {isa = PBXBuildFile; fileRef = 98734A411C8A600600E79C5B /* Database.swift */; };
		98734A511C8A600600E79C5B /* RequestBuilder.swift in Sources */ = {isa = PBXBuildFile; fileRef = 98734A431C8A600600E79C5B /* RequestBuilder.swift */; };
		98734A521C8A600600E79C5B /* RequestExecutor.swift in Sources */ = {isa = PBXBuildFile; fileRef = 98734A441C8A600600E79C5B /* RequestExecutor.swift */; };
		98734A531C8A600600E79C5B /* SessionCookieInterceptor.swift in Sources */ = {isa = PBXBuildFile; fileRef = 98734A451C8A600600E79C5B /* SessionCookieInterceptor.swift */; };
		98734A541C8A600600E79C5B /* URLSession.swift in Sources */ = {isa = PBXBuildFile; fileRef = 98734A461C8A600600E79C5B /* URLSession.swift */; };
		98734A561C8A600600E79C5B /* CouchDatabaseOperation.swift in Sources */ = {isa = PBXBuildFile; fileRef = 98734A491C8A600600E79C5B /* CouchDatabaseOperation.swift */; };
		98734A571C8A600600E79C5B /* CouchOperation.swift in Sources */ = {isa = PBXBuildFile; fileRef = 98734A4A1C8A600600E79C5B /* CouchOperation.swift */; };
		98734A581C8A600600E79C5B /* CreateDatabaseOperation.swift in Sources */ = {isa = PBXBuildFile; fileRef = 98734A4B1C8A600600E79C5B /* CreateDatabaseOperation.swift */; };
		98734A591C8A600600E79C5B /* DeleteDatabaseOperation.swift in Sources */ = {isa = PBXBuildFile; fileRef = 98734A4C1C8A600600E79C5B /* DeleteDatabaseOperation.swift */; };
		98734A5A1C8A600600E79C5B /* GetDocumentOperation.swift in Sources */ = {isa = PBXBuildFile; fileRef = 98734A4D1C8A600600E79C5B /* GetDocumentOperation.swift */; };
		98734A5B1C8A600600E79C5B /* SwiftCloudant.h in Headers */ = {isa = PBXBuildFile; fileRef = 98734A4E1C8A600600E79C5B /* SwiftCloudant.h */; settings = {ATTRIBUTES = (Public, ); }; };
		98734A611C8A601400E79C5B /* CreateDatabaseTests.swift in Sources */ = {isa = PBXBuildFile; fileRef = 98734A5D1C8A601400E79C5B /* CreateDatabaseTests.swift */; };
		98734A621C8A601400E79C5B /* GetDocumentTests.swift in Sources */ = {isa = PBXBuildFile; fileRef = 98734A5E1C8A601400E79C5B /* GetDocumentTests.swift */; };
		98734A641C8A601400E79C5B /* SwiftCloudantTests.swift in Sources */ = {isa = PBXBuildFile; fileRef = 98734A601C8A601400E79C5B /* SwiftCloudantTests.swift */; };
		98B4F2CE1CA759130076C5E4 /* PutDocumentTests.swift in Sources */ = {isa = PBXBuildFile; fileRef = 98B4F2CD1CA759130076C5E4 /* PutDocumentTests.swift */; };
		98E5431C1C9CCD0500F02E06 /* InterceptorTests.swift in Sources */ = {isa = PBXBuildFile; fileRef = 98E5431B1C9CCD0500F02E06 /* InterceptorTests.swift */; };
		F89766C81C8D8994004C5DAE /* PutDocumentOperation.swift in Sources */ = {isa = PBXBuildFile; fileRef = F8ACC9631C8AF3BE00C8650D /* PutDocumentOperation.swift */; };
/* End PBXBuildFile section */

/* Begin PBXContainerItemProxy section */
		98734A221C88FDB200E79C5B /* PBXContainerItemProxy */ = {
			isa = PBXContainerItemProxy;
			containerPortal = 279E8D1F1B7F905A001100D4 /* Project object */;
			proxyType = 1;
			remoteGlobalIDString = 98734A161C88FDB200E79C5B;
			remoteInfo = SwiftCloudant;
		};
/* End PBXContainerItemProxy section */

/* Begin PBXFileReference section */
		6CBCA455EE3CE18541E67E8E /* Pods-ObjectiveCloudantTests.release.xcconfig */ = {isa = PBXFileReference; includeInIndex = 1; lastKnownFileType = text.xcconfig; name = "Pods-ObjectiveCloudantTests.release.xcconfig"; path = "Pods/Target Support Files/Pods-ObjectiveCloudantTests/Pods-ObjectiveCloudantTests.release.xcconfig"; sourceTree = "<group>"; };
		71B3BA2CC1BEC198BDE3E6DF /* Pods_SwiftCloudantTests.framework */ = {isa = PBXFileReference; explicitFileType = wrapper.framework; includeInIndex = 0; path = Pods_SwiftCloudantTests.framework; sourceTree = BUILT_PRODUCTS_DIR; };
		98734A171C88FDB200E79C5B /* SwiftCloudant.framework */ = {isa = PBXFileReference; explicitFileType = wrapper.framework; includeInIndex = 0; path = SwiftCloudant.framework; sourceTree = BUILT_PRODUCTS_DIR; };
		98734A201C88FDB200E79C5B /* SwiftCloudantTests.xctest */ = {isa = PBXFileReference; explicitFileType = wrapper.cfbundle; includeInIndex = 0; path = SwiftCloudantTests.xctest; sourceTree = BUILT_PRODUCTS_DIR; };
		98734A401C8A600600E79C5B /* CouchClient.swift */ = {isa = PBXFileReference; fileEncoding = 4; lastKnownFileType = sourcecode.swift; path = CouchClient.swift; sourceTree = "<group>"; };
		98734A411C8A600600E79C5B /* Database.swift */ = {isa = PBXFileReference; fileEncoding = 4; lastKnownFileType = sourcecode.swift; path = Database.swift; sourceTree = "<group>"; };
		98734A431C8A600600E79C5B /* RequestBuilder.swift */ = {isa = PBXFileReference; fileEncoding = 4; lastKnownFileType = sourcecode.swift; path = RequestBuilder.swift; sourceTree = "<group>"; };
		98734A441C8A600600E79C5B /* RequestExecutor.swift */ = {isa = PBXFileReference; fileEncoding = 4; lastKnownFileType = sourcecode.swift; path = RequestExecutor.swift; sourceTree = "<group>"; };
		98734A451C8A600600E79C5B /* SessionCookieInterceptor.swift */ = {isa = PBXFileReference; fileEncoding = 4; lastKnownFileType = sourcecode.swift; path = SessionCookieInterceptor.swift; sourceTree = "<group>"; };
		98734A461C8A600600E79C5B /* URLSession.swift */ = {isa = PBXFileReference; fileEncoding = 4; lastKnownFileType = sourcecode.swift; path = URLSession.swift; sourceTree = "<group>"; };
		98734A471C8A600600E79C5B /* Info.plist */ = {isa = PBXFileReference; fileEncoding = 4; lastKnownFileType = text.plist.xml; path = Info.plist; sourceTree = "<group>"; };
		98734A491C8A600600E79C5B /* CouchDatabaseOperation.swift */ = {isa = PBXFileReference; fileEncoding = 4; lastKnownFileType = sourcecode.swift; path = CouchDatabaseOperation.swift; sourceTree = "<group>"; };
		98734A4A1C8A600600E79C5B /* CouchOperation.swift */ = {isa = PBXFileReference; fileEncoding = 4; lastKnownFileType = sourcecode.swift; path = CouchOperation.swift; sourceTree = "<group>"; };
		98734A4B1C8A600600E79C5B /* CreateDatabaseOperation.swift */ = {isa = PBXFileReference; fileEncoding = 4; lastKnownFileType = sourcecode.swift; path = CreateDatabaseOperation.swift; sourceTree = "<group>"; };
		98734A4C1C8A600600E79C5B /* DeleteDatabaseOperation.swift */ = {isa = PBXFileReference; fileEncoding = 4; lastKnownFileType = sourcecode.swift; path = DeleteDatabaseOperation.swift; sourceTree = "<group>"; };
		98734A4D1C8A600600E79C5B /* GetDocumentOperation.swift */ = {isa = PBXFileReference; fileEncoding = 4; lastKnownFileType = sourcecode.swift; path = GetDocumentOperation.swift; sourceTree = "<group>"; };
		98734A4E1C8A600600E79C5B /* SwiftCloudant.h */ = {isa = PBXFileReference; fileEncoding = 4; lastKnownFileType = sourcecode.c.h; path = SwiftCloudant.h; sourceTree = "<group>"; };
		98734A5D1C8A601400E79C5B /* CreateDatabaseTests.swift */ = {isa = PBXFileReference; fileEncoding = 4; lastKnownFileType = sourcecode.swift; path = CreateDatabaseTests.swift; sourceTree = "<group>"; };
		98734A5E1C8A601400E79C5B /* GetDocumentTests.swift */ = {isa = PBXFileReference; fileEncoding = 4; lastKnownFileType = sourcecode.swift; path = GetDocumentTests.swift; sourceTree = "<group>"; };
		98734A5F1C8A601400E79C5B /* Info.plist */ = {isa = PBXFileReference; fileEncoding = 4; lastKnownFileType = text.plist.xml; path = Info.plist; sourceTree = "<group>"; };
		98734A601C8A601400E79C5B /* SwiftCloudantTests.swift */ = {isa = PBXFileReference; fileEncoding = 4; lastKnownFileType = sourcecode.swift; path = SwiftCloudantTests.swift; sourceTree = "<group>"; };
		98B4F2CD1CA759130076C5E4 /* PutDocumentTests.swift */ = {isa = PBXFileReference; fileEncoding = 4; lastKnownFileType = sourcecode.swift; path = PutDocumentTests.swift; sourceTree = "<group>"; };
		98E5431B1C9CCD0500F02E06 /* InterceptorTests.swift */ = {isa = PBXFileReference; fileEncoding = 4; lastKnownFileType = sourcecode.swift; path = InterceptorTests.swift; sourceTree = "<group>"; };
		9BE38C8FC08AD2F7D5DE29A0 /* Pods-ObjectiveCloudantTests.debug.xcconfig */ = {isa = PBXFileReference; includeInIndex = 1; lastKnownFileType = text.xcconfig; name = "Pods-ObjectiveCloudantTests.debug.xcconfig"; path = "Pods/Target Support Files/Pods-ObjectiveCloudantTests/Pods-ObjectiveCloudantTests.debug.xcconfig"; sourceTree = "<group>"; };
		C44CC9006A617C35666B7B15 /* Pods-SwiftCloudantTests.debug.xcconfig */ = {isa = PBXFileReference; includeInIndex = 1; lastKnownFileType = text.xcconfig; name = "Pods-SwiftCloudantTests.debug.xcconfig"; path = "Pods/Target Support Files/Pods-SwiftCloudantTests/Pods-SwiftCloudantTests.debug.xcconfig"; sourceTree = "<group>"; };
		D1DD97C2B236B8346A1BA8AD /* Pods-SwiftCloudantTests.release.xcconfig */ = {isa = PBXFileReference; includeInIndex = 1; lastKnownFileType = text.xcconfig; name = "Pods-SwiftCloudantTests.release.xcconfig"; path = "Pods/Target Support Files/Pods-SwiftCloudantTests/Pods-SwiftCloudantTests.release.xcconfig"; sourceTree = "<group>"; };
		EF088291BC169B0422274EC2 /* Pods_ObjectiveCloudantTests.framework */ = {isa = PBXFileReference; explicitFileType = wrapper.framework; includeInIndex = 0; path = Pods_ObjectiveCloudantTests.framework; sourceTree = BUILT_PRODUCTS_DIR; };
		F8ACC9631C8AF3BE00C8650D /* PutDocumentOperation.swift */ = {isa = PBXFileReference; fileEncoding = 4; lastKnownFileType = sourcecode.swift; path = PutDocumentOperation.swift; sourceTree = "<group>"; };
/* End PBXFileReference section */

/* Begin PBXFrameworksBuildPhase section */
		98734A131C88FDB200E79C5B /* Frameworks */ = {
			isa = PBXFrameworksBuildPhase;
			buildActionMask = 2147483647;
			files = (
			);
			runOnlyForDeploymentPostprocessing = 0;
		};
		98734A1D1C88FDB200E79C5B /* Frameworks */ = {
			isa = PBXFrameworksBuildPhase;
			buildActionMask = 2147483647;
			files = (
				98734A211C88FDB200E79C5B /* SwiftCloudant.framework in Frameworks */,
				11234CC81E7933B60EE60402 /* Pods_SwiftCloudantTests.framework in Frameworks */,
			);
			runOnlyForDeploymentPostprocessing = 0;
		};
/* End PBXFrameworksBuildPhase section */

/* Begin PBXGroup section */
		01B3C4E019321DFF406A309C /* Frameworks */ = {
			isa = PBXGroup;
			children = (
				EF088291BC169B0422274EC2 /* Pods_ObjectiveCloudantTests.framework */,
				71B3BA2CC1BEC198BDE3E6DF /* Pods_SwiftCloudantTests.framework */,
			);
			name = Frameworks;
			sourceTree = "<group>";
		};
		279E8D1E1B7F905A001100D4 = {
			isa = PBXGroup;
			children = (
				98734A5C1C8A601400E79C5B /* Tests */,
				98734A3F1C8A600600E79C5B /* Source */,
				279E8D291B7F905B001100D4 /* Products */,
				8C2261730DCBB948225861E0 /* Pods */,
				01B3C4E019321DFF406A309C /* Frameworks */,
			);
			sourceTree = "<group>";
		};
		279E8D291B7F905B001100D4 /* Products */ = {
			isa = PBXGroup;
			children = (
				98734A171C88FDB200E79C5B /* SwiftCloudant.framework */,
				98734A201C88FDB200E79C5B /* SwiftCloudantTests.xctest */,
			);
			name = Products;
			sourceTree = "<group>";
		};
		8C2261730DCBB948225861E0 /* Pods */ = {
			isa = PBXGroup;
			children = (
				9BE38C8FC08AD2F7D5DE29A0 /* Pods-ObjectiveCloudantTests.debug.xcconfig */,
				6CBCA455EE3CE18541E67E8E /* Pods-ObjectiveCloudantTests.release.xcconfig */,
				C44CC9006A617C35666B7B15 /* Pods-SwiftCloudantTests.debug.xcconfig */,
				D1DD97C2B236B8346A1BA8AD /* Pods-SwiftCloudantTests.release.xcconfig */,
			);
			name = Pods;
			sourceTree = "<group>";
		};
		98734A3F1C8A600600E79C5B /* Source */ = {
			isa = PBXGroup;
			children = (
				98734A401C8A600600E79C5B /* CouchClient.swift */,
				98734A411C8A600600E79C5B /* Database.swift */,
				98734A421C8A600600E79C5B /* HTTP */,
				98734A471C8A600600E79C5B /* Info.plist */,
				98734A481C8A600600E79C5B /* Operations */,
				98734A4E1C8A600600E79C5B /* SwiftCloudant.h */,
			);
			path = Source;
			sourceTree = "<group>";
		};
		98734A421C8A600600E79C5B /* HTTP */ = {
			isa = PBXGroup;
			children = (
				98734A431C8A600600E79C5B /* RequestBuilder.swift */,
				98734A441C8A600600E79C5B /* RequestExecutor.swift */,
				98734A451C8A600600E79C5B /* SessionCookieInterceptor.swift */,
				98734A461C8A600600E79C5B /* URLSession.swift */,
			);
			path = HTTP;
			sourceTree = "<group>";
		};
		98734A481C8A600600E79C5B /* Operations */ = {
			isa = PBXGroup;
			children = (
				98734A491C8A600600E79C5B /* CouchDatabaseOperation.swift */,
				98734A4A1C8A600600E79C5B /* CouchOperation.swift */,
				98734A4B1C8A600600E79C5B /* CreateDatabaseOperation.swift */,
				98734A4C1C8A600600E79C5B /* DeleteDatabaseOperation.swift */,
				98734A4D1C8A600600E79C5B /* GetDocumentOperation.swift */,
				F8ACC9631C8AF3BE00C8650D /* PutDocumentOperation.swift */,
			);
			path = Operations;
			sourceTree = "<group>";
		};
		98734A5C1C8A601400E79C5B /* Tests */ = {
			isa = PBXGroup;
			children = (
				98734A5D1C8A601400E79C5B /* CreateDatabaseTests.swift */,
				98734A5E1C8A601400E79C5B /* GetDocumentTests.swift */,
				98B4F2CD1CA759130076C5E4 /* PutDocumentTests.swift */,
				98734A5F1C8A601400E79C5B /* Info.plist */,
				98734A601C8A601400E79C5B /* SwiftCloudantTests.swift */,
				98E5431B1C9CCD0500F02E06 /* InterceptorTests.swift */,
			);
			path = Tests;
			sourceTree = "<group>";
		};
/* End PBXGroup section */

/* Begin PBXHeadersBuildPhase section */
		98734A141C88FDB200E79C5B /* Headers */ = {
			isa = PBXHeadersBuildPhase;
			buildActionMask = 2147483647;
			files = (
				98734A5B1C8A600600E79C5B /* SwiftCloudant.h in Headers */,
			);
			runOnlyForDeploymentPostprocessing = 0;
		};
/* End PBXHeadersBuildPhase section */

/* Begin PBXNativeTarget section */
		98734A161C88FDB200E79C5B /* SwiftCloudant */ = {
			isa = PBXNativeTarget;
			buildConfigurationList = 98734A281C88FDB200E79C5B /* Build configuration list for PBXNativeTarget "SwiftCloudant" */;
			buildPhases = (
				98734A121C88FDB200E79C5B /* Sources */,
				98734A131C88FDB200E79C5B /* Frameworks */,
				98734A141C88FDB200E79C5B /* Headers */,
				98734A151C88FDB200E79C5B /* Resources */,
			);
			buildRules = (
			);
			dependencies = (
			);
			name = SwiftCloudant;
			productName = SwiftCloudant;
			productReference = 98734A171C88FDB200E79C5B /* SwiftCloudant.framework */;
			productType = "com.apple.product-type.framework";
		};
		98734A1F1C88FDB200E79C5B /* SwiftCloudantTests */ = {
			isa = PBXNativeTarget;
			buildConfigurationList = 98734A2B1C88FDB200E79C5B /* Build configuration list for PBXNativeTarget "SwiftCloudantTests" */;
			buildPhases = (
				4A0B6C2241F0CFDD7BC82B38 /* Check Pods Manifest.lock */,
				98734A1C1C88FDB200E79C5B /* Sources */,
				98734A1D1C88FDB200E79C5B /* Frameworks */,
				98734A1E1C88FDB200E79C5B /* Resources */,
				BFB533C43D64BB62E271EB54 /* Embed Pods Frameworks */,
				4ABAE3F49C32201D946C30FF /* Copy Pods Resources */,
			);
			buildRules = (
			);
			dependencies = (
				98734A231C88FDB200E79C5B /* PBXTargetDependency */,
			);
			name = SwiftCloudantTests;
			productName = SwiftCloudantTests;
			productReference = 98734A201C88FDB200E79C5B /* SwiftCloudantTests.xctest */;
			productType = "com.apple.product-type.bundle.unit-test";
		};
/* End PBXNativeTarget section */

/* Begin PBXProject section */
		279E8D1F1B7F905A001100D4 /* Project object */ = {
			isa = PBXProject;
			attributes = {
				LastSwiftUpdateCheck = 0720;
				LastUpgradeCheck = 0700;
				ORGANIZATIONNAME = "Small Text";
				TargetAttributes = {
					98734A161C88FDB200E79C5B = {
						CreatedOnToolsVersion = 7.2.1;
						DevelopmentTeam = QRNQK67ZGE;
					};
					98734A1F1C88FDB200E79C5B = {
						CreatedOnToolsVersion = 7.2.1;
						DevelopmentTeam = QRNQK67ZGE;
					};
				};
			};
			buildConfigurationList = 279E8D221B7F905B001100D4 /* Build configuration list for PBXProject "ObjectiveCloudant" */;
			compatibilityVersion = "Xcode 3.2";
			developmentRegion = English;
			hasScannedForEncodings = 0;
			knownRegions = (
				en,
			);
			mainGroup = 279E8D1E1B7F905A001100D4;
			productRefGroup = 279E8D291B7F905B001100D4 /* Products */;
			projectDirPath = "";
			projectRoot = "";
			targets = (
				98734A161C88FDB200E79C5B /* SwiftCloudant */,
				98734A1F1C88FDB200E79C5B /* SwiftCloudantTests */,
			);
		};
/* End PBXProject section */

/* Begin PBXResourcesBuildPhase section */
		98734A151C88FDB200E79C5B /* Resources */ = {
			isa = PBXResourcesBuildPhase;
			buildActionMask = 2147483647;
			files = (
			);
			runOnlyForDeploymentPostprocessing = 0;
		};
		98734A1E1C88FDB200E79C5B /* Resources */ = {
			isa = PBXResourcesBuildPhase;
			buildActionMask = 2147483647;
			files = (
			);
			runOnlyForDeploymentPostprocessing = 0;
		};
/* End PBXResourcesBuildPhase section */

/* Begin PBXShellScriptBuildPhase section */
		4A0B6C2241F0CFDD7BC82B38 /* Check Pods Manifest.lock */ = {
			isa = PBXShellScriptBuildPhase;
			buildActionMask = 2147483647;
			files = (
			);
			inputPaths = (
			);
			name = "Check Pods Manifest.lock";
			outputPaths = (
			);
			runOnlyForDeploymentPostprocessing = 0;
			shellPath = /bin/sh;
			shellScript = "diff \"${PODS_ROOT}/../Podfile.lock\" \"${PODS_ROOT}/Manifest.lock\" > /dev/null\nif [[ $? != 0 ]] ; then\n    cat << EOM\nerror: The sandbox is not in sync with the Podfile.lock. Run 'pod install' or update your CocoaPods installation.\nEOM\n    exit 1\nfi\n";
			showEnvVarsInLog = 0;
		};
		4ABAE3F49C32201D946C30FF /* Copy Pods Resources */ = {
			isa = PBXShellScriptBuildPhase;
			buildActionMask = 2147483647;
			files = (
			);
			inputPaths = (
			);
			name = "Copy Pods Resources";
			outputPaths = (
			);
			runOnlyForDeploymentPostprocessing = 0;
			shellPath = /bin/sh;
			shellScript = "\"${SRCROOT}/Pods/Target Support Files/Pods-SwiftCloudantTests/Pods-SwiftCloudantTests-resources.sh\"\n";
			showEnvVarsInLog = 0;
		};
		BFB533C43D64BB62E271EB54 /* Embed Pods Frameworks */ = {
			isa = PBXShellScriptBuildPhase;
			buildActionMask = 2147483647;
			files = (
			);
			inputPaths = (
			);
			name = "Embed Pods Frameworks";
			outputPaths = (
			);
			runOnlyForDeploymentPostprocessing = 0;
			shellPath = /bin/sh;
			shellScript = "\"${SRCROOT}/Pods/Target Support Files/Pods-SwiftCloudantTests/Pods-SwiftCloudantTests-frameworks.sh\"\n";
			showEnvVarsInLog = 0;
		};
/* End PBXShellScriptBuildPhase section */

/* Begin PBXSourcesBuildPhase section */
		98734A121C88FDB200E79C5B /* Sources */ = {
			isa = PBXSourcesBuildPhase;
			buildActionMask = 2147483647;
			files = (
				98734A561C8A600600E79C5B /* CouchDatabaseOperation.swift in Sources */,
				98734A521C8A600600E79C5B /* RequestExecutor.swift in Sources */,
				98734A571C8A600600E79C5B /* CouchOperation.swift in Sources */,
				98734A511C8A600600E79C5B /* RequestBuilder.swift in Sources */,
				98734A541C8A600600E79C5B /* URLSession.swift in Sources */,
				98734A581C8A600600E79C5B /* CreateDatabaseOperation.swift in Sources */,
				F89766C81C8D8994004C5DAE /* PutDocumentOperation.swift in Sources */,
				98734A501C8A600600E79C5B /* Database.swift in Sources */,
				98734A4F1C8A600600E79C5B /* CouchClient.swift in Sources */,
				98734A531C8A600600E79C5B /* SessionCookieInterceptor.swift in Sources */,
				98734A591C8A600600E79C5B /* DeleteDatabaseOperation.swift in Sources */,
				98734A5A1C8A600600E79C5B /* GetDocumentOperation.swift in Sources */,
			);
			runOnlyForDeploymentPostprocessing = 0;
		};
		98734A1C1C88FDB200E79C5B /* Sources */ = {
			isa = PBXSourcesBuildPhase;
			buildActionMask = 2147483647;
			files = (
				98B4F2CE1CA759130076C5E4 /* PutDocumentTests.swift in Sources */,
				98734A611C8A601400E79C5B /* CreateDatabaseTests.swift in Sources */,
				98734A621C8A601400E79C5B /* GetDocumentTests.swift in Sources */,
				98734A641C8A601400E79C5B /* SwiftCloudantTests.swift in Sources */,
				98E5431C1C9CCD0500F02E06 /* InterceptorTests.swift in Sources */,
			);
			runOnlyForDeploymentPostprocessing = 0;
		};
/* End PBXSourcesBuildPhase section */

/* Begin PBXTargetDependency section */
		98734A231C88FDB200E79C5B /* PBXTargetDependency */ = {
			isa = PBXTargetDependency;
			target = 98734A161C88FDB200E79C5B /* SwiftCloudant */;
			targetProxy = 98734A221C88FDB200E79C5B /* PBXContainerItemProxy */;
		};
/* End PBXTargetDependency section */

/* Begin XCBuildConfiguration section */
		279E8D3A1B7F905B001100D4 /* Debug */ = {
			isa = XCBuildConfiguration;
			buildSettings = {
				ALWAYS_SEARCH_USER_PATHS = NO;
				CLANG_CXX_LANGUAGE_STANDARD = "gnu++0x";
				CLANG_CXX_LIBRARY = "libc++";
				CLANG_ENABLE_MODULES = YES;
				CLANG_ENABLE_OBJC_ARC = YES;
				CLANG_WARN_BOOL_CONVERSION = YES;
				CLANG_WARN_CONSTANT_CONVERSION = YES;
				CLANG_WARN_DIRECT_OBJC_ISA_USAGE = YES_ERROR;
				CLANG_WARN_EMPTY_BODY = YES;
				CLANG_WARN_ENUM_CONVERSION = YES;
				CLANG_WARN_INT_CONVERSION = YES;
				CLANG_WARN_OBJC_ROOT_CLASS = YES_ERROR;
				CLANG_WARN_UNREACHABLE_CODE = YES;
				CLANG_WARN__DUPLICATE_METHOD_MATCH = YES;
				"CODE_SIGN_IDENTITY[sdk=iphoneos*]" = "iPhone Developer";
				COPY_PHASE_STRIP = NO;
				CURRENT_PROJECT_VERSION = 1;
				DEBUG_INFORMATION_FORMAT = dwarf;
				ENABLE_STRICT_OBJC_MSGSEND = YES;
				ENABLE_TESTABILITY = YES;
				GCC_C_LANGUAGE_STANDARD = gnu99;
				GCC_DYNAMIC_NO_PIC = NO;
				GCC_NO_COMMON_BLOCKS = YES;
				GCC_OPTIMIZATION_LEVEL = 0;
				GCC_PREPROCESSOR_DEFINITIONS = (
					"DEBUG=1",
					"$(inherited)",
				);
				GCC_WARN_64_TO_32_BIT_CONVERSION = YES;
				GCC_WARN_ABOUT_RETURN_TYPE = YES_ERROR;
				GCC_WARN_UNDECLARED_SELECTOR = YES;
				GCC_WARN_UNINITIALIZED_AUTOS = YES_AGGRESSIVE;
				GCC_WARN_UNUSED_FUNCTION = YES;
				GCC_WARN_UNUSED_VARIABLE = YES;
				IPHONEOS_DEPLOYMENT_TARGET = 9.0;
				MTL_ENABLE_DEBUG_INFO = YES;
				ONLY_ACTIVE_ARCH = YES;
				SDKROOT = iphoneos;
				TARGETED_DEVICE_FAMILY = "1,2";
				VERSIONING_SYSTEM = "apple-generic";
				VERSION_INFO_PREFIX = "";
			};
			name = Debug;
		};
		279E8D3B1B7F905B001100D4 /* Release */ = {
			isa = XCBuildConfiguration;
			buildSettings = {
				ALWAYS_SEARCH_USER_PATHS = NO;
				CLANG_CXX_LANGUAGE_STANDARD = "gnu++0x";
				CLANG_CXX_LIBRARY = "libc++";
				CLANG_ENABLE_MODULES = YES;
				CLANG_ENABLE_OBJC_ARC = YES;
				CLANG_WARN_BOOL_CONVERSION = YES;
				CLANG_WARN_CONSTANT_CONVERSION = YES;
				CLANG_WARN_DIRECT_OBJC_ISA_USAGE = YES_ERROR;
				CLANG_WARN_EMPTY_BODY = YES;
				CLANG_WARN_ENUM_CONVERSION = YES;
				CLANG_WARN_INT_CONVERSION = YES;
				CLANG_WARN_OBJC_ROOT_CLASS = YES_ERROR;
				CLANG_WARN_UNREACHABLE_CODE = YES;
				CLANG_WARN__DUPLICATE_METHOD_MATCH = YES;
				"CODE_SIGN_IDENTITY[sdk=iphoneos*]" = "iPhone Developer";
				COPY_PHASE_STRIP = NO;
				CURRENT_PROJECT_VERSION = 1;
				DEBUG_INFORMATION_FORMAT = "dwarf-with-dsym";
				ENABLE_NS_ASSERTIONS = NO;
				ENABLE_STRICT_OBJC_MSGSEND = YES;
				GCC_C_LANGUAGE_STANDARD = gnu99;
				GCC_NO_COMMON_BLOCKS = YES;
				GCC_WARN_64_TO_32_BIT_CONVERSION = YES;
				GCC_WARN_ABOUT_RETURN_TYPE = YES_ERROR;
				GCC_WARN_UNDECLARED_SELECTOR = YES;
				GCC_WARN_UNINITIALIZED_AUTOS = YES_AGGRESSIVE;
				GCC_WARN_UNUSED_FUNCTION = YES;
				GCC_WARN_UNUSED_VARIABLE = YES;
				IPHONEOS_DEPLOYMENT_TARGET = 9.0;
				MTL_ENABLE_DEBUG_INFO = NO;
				SDKROOT = iphoneos;
				TARGETED_DEVICE_FAMILY = "1,2";
				VALIDATE_PRODUCT = YES;
				VERSIONING_SYSTEM = "apple-generic";
				VERSION_INFO_PREFIX = "";
			};
			name = Release;
		};
		98734A291C88FDB200E79C5B /* Debug */ = {
			isa = XCBuildConfiguration;
			buildSettings = {
				DEFINES_MODULE = YES;
				DYLIB_COMPATIBILITY_VERSION = 1;
				DYLIB_CURRENT_VERSION = 1;
				DYLIB_INSTALL_NAME_BASE = "@rpath";
				INFOPLIST_FILE = "$(SRCROOT)/Source/Info.plist";
				INSTALL_PATH = "$(LOCAL_LIBRARY_DIR)/Frameworks";
				IPHONEOS_DEPLOYMENT_TARGET = 9.2;
				LD_RUNPATH_SEARCH_PATHS = "$(inherited) @executable_path/Frameworks @loader_path/Frameworks";
				PRODUCT_BUNDLE_IDENTIFIER = uk.me.rhysshort.SwiftCloudant;
				PRODUCT_NAME = "$(TARGET_NAME)";
				SKIP_INSTALL = YES;
				SWIFT_OPTIMIZATION_LEVEL = "-Onone";
			};
			name = Debug;
		};
		98734A2A1C88FDB200E79C5B /* Release */ = {
			isa = XCBuildConfiguration;
			buildSettings = {
				DEFINES_MODULE = YES;
				DYLIB_COMPATIBILITY_VERSION = 1;
				DYLIB_CURRENT_VERSION = 1;
				DYLIB_INSTALL_NAME_BASE = "@rpath";
				INFOPLIST_FILE = "$(SRCROOT)/Source/Info.plist";
				INSTALL_PATH = "$(LOCAL_LIBRARY_DIR)/Frameworks";
				IPHONEOS_DEPLOYMENT_TARGET = 9.2;
				LD_RUNPATH_SEARCH_PATHS = "$(inherited) @executable_path/Frameworks @loader_path/Frameworks";
				PRODUCT_BUNDLE_IDENTIFIER = uk.me.rhysshort.SwiftCloudant;
				PRODUCT_NAME = "$(TARGET_NAME)";
				SKIP_INSTALL = YES;
			};
			name = Release;
		};
		98734A2C1C88FDB200E79C5B /* Debug */ = {
			isa = XCBuildConfiguration;
			baseConfigurationReference = C44CC9006A617C35666B7B15 /* Pods-SwiftCloudantTests.debug.xcconfig */;
			buildSettings = {
				INFOPLIST_FILE = Tests/Info.plist;
				IPHONEOS_DEPLOYMENT_TARGET = 9.2;
				LD_RUNPATH_SEARCH_PATHS = "$(inherited) @executable_path/Frameworks @loader_path/Frameworks";
				PRODUCT_BUNDLE_IDENTIFIER = uk.me.rhysshort.SwiftCloudantTests;
				PRODUCT_NAME = "$(TARGET_NAME)";
				SWIFT_OPTIMIZATION_LEVEL = "-Onone";
			};
			name = Debug;
		};
		98734A2D1C88FDB200E79C5B /* Release */ = {
			isa = XCBuildConfiguration;
			baseConfigurationReference = D1DD97C2B236B8346A1BA8AD /* Pods-SwiftCloudantTests.release.xcconfig */;
			buildSettings = {
				INFOPLIST_FILE = Tests/Info.plist;
				IPHONEOS_DEPLOYMENT_TARGET = 9.2;
				LD_RUNPATH_SEARCH_PATHS = "$(inherited) @executable_path/Frameworks @loader_path/Frameworks";
				PRODUCT_BUNDLE_IDENTIFIER = uk.me.rhysshort.SwiftCloudantTests;
				PRODUCT_NAME = "$(TARGET_NAME)";
			};
			name = Release;
		};
/* End XCBuildConfiguration section */

/* Begin XCConfigurationList section */
		279E8D221B7F905B001100D4 /* Build configuration list for PBXProject "ObjectiveCloudant" */ = {
			isa = XCConfigurationList;
			buildConfigurations = (
				279E8D3A1B7F905B001100D4 /* Debug */,
				279E8D3B1B7F905B001100D4 /* Release */,
			);
			defaultConfigurationIsVisible = 0;
			defaultConfigurationName = Release;
		};
		98734A281C88FDB200E79C5B /* Build configuration list for PBXNativeTarget "SwiftCloudant" */ = {
			isa = XCConfigurationList;
			buildConfigurations = (
				98734A291C88FDB200E79C5B /* Debug */,
				98734A2A1C88FDB200E79C5B /* Release */,
			);
			defaultConfigurationIsVisible = 0;
			defaultConfigurationName = Release;
		};
		98734A2B1C88FDB200E79C5B /* Build configuration list for PBXNativeTarget "SwiftCloudantTests" */ = {
			isa = XCConfigurationList;
			buildConfigurations = (
				98734A2C1C88FDB200E79C5B /* Debug */,
				98734A2D1C88FDB200E79C5B /* Release */,
			);
			defaultConfigurationIsVisible = 0;
			defaultConfigurationName = Release;
		};
/* End XCConfigurationList section */
	};
	rootObject = 279E8D1F1B7F905A001100D4 /* Project object */;
}
